// !$*UTF8*$!
{
	archiveVersion = 1;
	classes = {
	};
	objectVersion = 77;
	objects = {

/* Begin PBXContainerItemProxy section */
		344742072DFB43AD005EB8C4 /* PBXContainerItemProxy */ = {
			isa = PBXContainerItemProxy;
			containerPortal = 344741EE2DFB43A7005EB8C4 /* Project object */;
			proxyType = 1;
			remoteGlobalIDString = 344741F52DFB43A7005EB8C4;
			remoteInfo = DinaCharya;
		};
		344742112DFB43AD005EB8C4 /* PBXContainerItemProxy */ = {
			isa = PBXContainerItemProxy;
			containerPortal = 344741EE2DFB43A7005EB8C4 /* Project object */;
			proxyType = 1;
			remoteGlobalIDString = 344741F52DFB43A7005EB8C4;
			remoteInfo = DinaCharya;
		};
/* End PBXContainerItemProxy section */

/* Begin PBXFileReference section */
		344741F62DFB43A7005EB8C4 /* DinaCharya.app */ = {isa = PBXFileReference; explicitFileType = wrapper.application; includeInIndex = 0; path = DinaCharya.app; sourceTree = BUILT_PRODUCTS_DIR; };
		344742062DFB43AD005EB8C4 /* DinaCharyaTests.xctest */ = {isa = PBXFileReference; explicitFileType = wrapper.cfbundle; includeInIndex = 0; path = DinaCharyaTests.xctest; sourceTree = BUILT_PRODUCTS_DIR; };
		344742102DFB43AD005EB8C4 /* DinaCharyaUITests.xctest */ = {isa = PBXFileReference; explicitFileType = wrapper.cfbundle; includeInIndex = 0; path = DinaCharyaUITests.xctest; sourceTree = BUILT_PRODUCTS_DIR; };
/* End PBXFileReference section */

/* Begin PBXFileSystemSynchronizedRootGroup section */
		344741F82DFB43A7005EB8C4 /* DinaCharya */ = {
			isa = PBXFileSystemSynchronizedRootGroup;
			path = DinaCharya;
			sourceTree = "<group>";
		};
		344742092DFB43AD005EB8C4 /* DinaCharyaTests */ = {
			isa = PBXFileSystemSynchronizedRootGroup;
			path = DinaCharyaTests;
			sourceTree = "<group>";
		};
		344742132DFB43AD005EB8C4 /* DinaCharyaUITests */ = {
			isa = PBXFileSystemSynchronizedRootGroup;
			path = DinaCharyaUITests;
			sourceTree = "<group>";
		};
/* End PBXFileSystemSynchronizedRootGroup section */

/* Begin PBXFrameworksBuildPhase section */
		344741F32DFB43A7005EB8C4 /* Frameworks */ = {
			isa = PBXFrameworksBuildPhase;
			buildActionMask = 2147483647;
			files = (
			);
			runOnlyForDeploymentPostprocessing = 0;
		};
		344742032DFB43AD005EB8C4 /* Frameworks */ = {
			isa = PBXFrameworksBuildPhase;
			buildActionMask = 2147483647;
			files = (
			);
			runOnlyForDeploymentPostprocessing = 0;
		};
		3447420D2DFB43AD005EB8C4 /* Frameworks */ = {
			isa = PBXFrameworksBuildPhase;
			buildActionMask = 2147483647;
			files = (
			);
			runOnlyForDeploymentPostprocessing = 0;
		};
/* End PBXFrameworksBuildPhase section */

/* Begin PBXGroup section */
		344741ED2DFB43A7005EB8C4 = {
			isa = PBXGroup;
			children = (
				344741F82DFB43A7005EB8C4 /* DinaCharya */,
				344742092DFB43AD005EB8C4 /* DinaCharyaTests */,
				344742132DFB43AD005EB8C4 /* DinaCharyaUITests */,
				344741F72DFB43A7005EB8C4 /* Products */,
			);
			sourceTree = "<group>";
		};
		344741F72DFB43A7005EB8C4 /* Products */ = {
			isa = PBXGroup;
			children = (
				344741F62DFB43A7005EB8C4 /* DinaCharya.app */,
				344742062DFB43AD005EB8C4 /* DinaCharyaTests.xctest */,
				344742102DFB43AD005EB8C4 /* DinaCharyaUITests.xctest */,
			);
			name = Products;
			sourceTree = "<group>";
		};
/* End PBXGroup section */

/* Begin PBXNativeTarget section */
		344741F52DFB43A7005EB8C4 /* DinaCharya */ = {
			isa = PBXNativeTarget;
			buildConfigurationList = 3447421A2DFB43AD005EB8C4 /* Build configuration list for PBXNativeTarget "DinaCharya" */;
			buildPhases = (
				344741F22DFB43A7005EB8C4 /* Sources */,
				344741F32DFB43A7005EB8C4 /* Frameworks */,
				344741F42DFB43A7005EB8C4 /* Resources */,
			);
			buildRules = (
			);
			dependencies = (
			);
			fileSystemSynchronizedGroups = (
				344741F82DFB43A7005EB8C4 /* DinaCharya */,
			);
			name = DinaCharya;
			packageProductDependencies = (
			);
			productName = DinaCharya;
			productReference = 344741F62DFB43A7005EB8C4 /* DinaCharya.app */;
			productType = "com.apple.product-type.application";
		};
		344742052DFB43AD005EB8C4 /* DinaCharyaTests */ = {
			isa = PBXNativeTarget;
			buildConfigurationList = 3447421D2DFB43AD005EB8C4 /* Build configuration list for PBXNativeTarget "DinaCharyaTests" */;
			buildPhases = (
				344742022DFB43AD005EB8C4 /* Sources */,
				344742032DFB43AD005EB8C4 /* Frameworks */,
				344742042DFB43AD005EB8C4 /* Resources */,
			);
			buildRules = (
			);
			dependencies = (
				344742082DFB43AD005EB8C4 /* PBXTargetDependency */,
			);
			fileSystemSynchronizedGroups = (
				344742092DFB43AD005EB8C4 /* DinaCharyaTests */,
			);
			name = DinaCharyaTests;
			packageProductDependencies = (
			);
			productName = DinaCharyaTests;
			productReference = 344742062DFB43AD005EB8C4 /* DinaCharyaTests.xctest */;
			productType = "com.apple.product-type.bundle.unit-test";
		};
		3447420F2DFB43AD005EB8C4 /* DinaCharyaUITests */ = {
			isa = PBXNativeTarget;
			buildConfigurationList = 344742202DFB43AD005EB8C4 /* Build configuration list for PBXNativeTarget "DinaCharyaUITests" */;
			buildPhases = (
				3447420C2DFB43AD005EB8C4 /* Sources */,
				3447420D2DFB43AD005EB8C4 /* Frameworks */,
				3447420E2DFB43AD005EB8C4 /* Resources */,
			);
			buildRules = (
			);
			dependencies = (
				344742122DFB43AD005EB8C4 /* PBXTargetDependency */,
			);
			fileSystemSynchronizedGroups = (
				344742132DFB43AD005EB8C4 /* DinaCharyaUITests */,
			);
			name = DinaCharyaUITests;
			packageProductDependencies = (
			);
			productName = DinaCharyaUITests;
			productReference = 344742102DFB43AD005EB8C4 /* DinaCharyaUITests.xctest */;
			productType = "com.apple.product-type.bundle.ui-testing";
		};
/* End PBXNativeTarget section */

/* Begin PBXProject section */
		344741EE2DFB43A7005EB8C4 /* Project object */ = {
			isa = PBXProject;
			attributes = {
				BuildIndependentTargetsInParallel = 1;
				LastSwiftUpdateCheck = 1620;
				LastUpgradeCheck = 1620;
				TargetAttributes = {
					344741F52DFB43A7005EB8C4 = {
						CreatedOnToolsVersion = 16.2;
					};
					344742052DFB43AD005EB8C4 = {
						CreatedOnToolsVersion = 16.2;
						TestTargetID = 344741F52DFB43A7005EB8C4;
					};
					3447420F2DFB43AD005EB8C4 = {
						CreatedOnToolsVersion = 16.2;
						TestTargetID = 344741F52DFB43A7005EB8C4;
					};
				};
			};
			buildConfigurationList = 344741F12DFB43A7005EB8C4 /* Build configuration list for PBXProject "DinaCharya" */;
			developmentRegion = en;
			hasScannedForEncodings = 0;
			knownRegions = (
				en,
				Base,
			);
			mainGroup = 344741ED2DFB43A7005EB8C4;
			minimizedProjectReferenceProxies = 1;
			preferredProjectObjectVersion = 77;
			productRefGroup = 344741F72DFB43A7005EB8C4 /* Products */;
			projectDirPath = "";
			projectRoot = "";
			targets = (
				344741F52DFB43A7005EB8C4 /* DinaCharya */,
				344742052DFB43AD005EB8C4 /* DinaCharyaTests */,
				3447420F2DFB43AD005EB8C4 /* DinaCharyaUITests */,
			);
		};
/* End PBXProject section */

/* Begin PBXResourcesBuildPhase section */
		344741F42DFB43A7005EB8C4 /* Resources */ = {
			isa = PBXResourcesBuildPhase;
			buildActionMask = 2147483647;
			files = (
			);
			runOnlyForDeploymentPostprocessing = 0;
		};
		344742042DFB43AD005EB8C4 /* Resources */ = {
			isa = PBXResourcesBuildPhase;
			buildActionMask = 2147483647;
			files = (
			);
			runOnlyForDeploymentPostprocessing = 0;
		};
		3447420E2DFB43AD005EB8C4 /* Resources */ = {
			isa = PBXResourcesBuildPhase;
			buildActionMask = 2147483647;
			files = (
			);
			runOnlyForDeploymentPostprocessing = 0;
		};
/* End PBXResourcesBuildPhase section */

/* Begin PBXSourcesBuildPhase section */
		344741F22DFB43A7005EB8C4 /* Sources */ = {
			isa = PBXSourcesBuildPhase;
			buildActionMask = 2147483647;
			files = (
			);
			runOnlyForDeploymentPostprocessing = 0;
		};
		344742022DFB43AD005EB8C4 /* Sources */ = {
			isa = PBXSourcesBuildPhase;
			buildActionMask = 2147483647;
			files = (
			);
			runOnlyForDeploymentPostprocessing = 0;
		};
		3447420C2DFB43AD005EB8C4 /* Sources */ = {
			isa = PBXSourcesBuildPhase;
			buildActionMask = 2147483647;
			files = (
			);
			runOnlyForDeploymentPostprocessing = 0;
		};
/* End PBXSourcesBuildPhase section */

/* Begin PBXTargetDependency section */
		344742082DFB43AD005EB8C4 /* PBXTargetDependency */ = {
			isa = PBXTargetDependency;
			target = 344741F52DFB43A7005EB8C4 /* DinaCharya */;
			targetProxy = 344742072DFB43AD005EB8C4 /* PBXContainerItemProxy */;
		};
		344742122DFB43AD005EB8C4 /* PBXTargetDependency */ = {
			isa = PBXTargetDependency;
			target = 344741F52DFB43A7005EB8C4 /* DinaCharya */;
			targetProxy = 344742112DFB43AD005EB8C4 /* PBXContainerItemProxy */;
		};
/* End PBXTargetDependency section */

/* Begin XCBuildConfiguration section */
		344742182DFB43AD005EB8C4 /* Debug */ = {
			isa = XCBuildConfiguration;
			buildSettings = {
				ALWAYS_SEARCH_USER_PATHS = NO;
				ASSETCATALOG_COMPILER_GENERATE_SWIFT_ASSET_SYMBOL_EXTENSIONS = YES;
				CLANG_ANALYZER_NONNULL = YES;
				CLANG_ANALYZER_NUMBER_OBJECT_CONVERSION = YES_AGGRESSIVE;
				CLANG_CXX_LANGUAGE_STANDARD = "gnu++20";
				CLANG_ENABLE_MODULES = YES;
				CLANG_ENABLE_OBJC_ARC = YES;
				CLANG_ENABLE_OBJC_WEAK = YES;
				CLANG_WARN_BLOCK_CAPTURE_AUTORELEASING = YES;
				CLANG_WARN_BOOL_CONVERSION = YES;
				CLANG_WARN_COMMA = YES;
				CLANG_WARN_CONSTANT_CONVERSION = YES;
				CLANG_WARN_DEPRECATED_OBJC_IMPLEMENTATIONS = YES;
				CLANG_WARN_DIRECT_OBJC_ISA_USAGE = YES_ERROR;
				CLANG_WARN_DOCUMENTATION_COMMENTS = YES;
				CLANG_WARN_EMPTY_BODY = YES;
				CLANG_WARN_ENUM_CONVERSION = YES;
				CLANG_WARN_INFINITE_RECURSION = YES;
				CLANG_WARN_INT_CONVERSION = YES;
				CLANG_WARN_NON_LITERAL_NULL_CONVERSION = YES;
				CLANG_WARN_OBJC_IMPLICIT_RETAIN_SELF = YES;
				CLANG_WARN_OBJC_LITERAL_CONVERSION = YES;
				CLANG_WARN_OBJC_ROOT_CLASS = YES_ERROR;
				CLANG_WARN_QUOTED_INCLUDE_IN_FRAMEWORK_HEADER = YES;
				CLANG_WARN_RANGE_LOOP_ANALYSIS = YES;
				CLANG_WARN_STRICT_PROTOTYPES = YES;
				CLANG_WARN_SUSPICIOUS_MOVE = YES;
				CLANG_WARN_UNGUARDED_AVAILABILITY = YES_AGGRESSIVE;
				CLANG_WARN_UNREACHABLE_CODE = YES;
				CLANG_WARN__DUPLICATE_METHOD_MATCH = YES;
				COPY_PHASE_STRIP = NO;
				DEBUG_INFORMATION_FORMAT = dwarf;
				ENABLE_STRICT_OBJC_MSGSEND = YES;
				ENABLE_TESTABILITY = YES;
				ENABLE_USER_SCRIPT_SANDBOXING = YES;
				GCC_C_LANGUAGE_STANDARD = gnu17;
				GCC_DYNAMIC_NO_PIC = NO;
				GCC_NO_COMMON_BLOCKS = YES;
				GCC_OPTIMIZATION_LEVEL = 0;
				GCC_PREPROCESSOR_DEFINITIONS = (
					"DEBUG=1",
					"$(inherited)",
				);
				GCC_WARN_64_TO_32_BIT_CONVERSION = YES;
				GCC_WARN_ABOUT_RETURN_TYPE = YES_ERROR;
				GCC_WARN_UNDECLARED_SELECTOR = YES;
				GCC_WARN_UNINITIALIZED_AUTOS = YES_AGGRESSIVE;
				GCC_WARN_UNUSED_FUNCTION = YES;
				GCC_WARN_UNUSED_VARIABLE = YES;
				IPHONEOS_DEPLOYMENT_TARGET = 18.2;
				LOCALIZATION_PREFERS_STRING_CATALOGS = YES;
				MTL_ENABLE_DEBUG_INFO = INCLUDE_SOURCE;
				MTL_FAST_MATH = YES;
				ONLY_ACTIVE_ARCH = YES;
				SDKROOT = iphoneos;
				SWIFT_ACTIVE_COMPILATION_CONDITIONS = "DEBUG $(inherited)";
				SWIFT_OPTIMIZATION_LEVEL = "-Onone";
			};
			name = Debug;
		};
		344742192DFB43AD005EB8C4 /* Release */ = {
			isa = XCBuildConfiguration;
			buildSettings = {
				ALWAYS_SEARCH_USER_PATHS = NO;
				ASSETCATALOG_COMPILER_GENERATE_SWIFT_ASSET_SYMBOL_EXTENSIONS = YES;
				CLANG_ANALYZER_NONNULL = YES;
				CLANG_ANALYZER_NUMBER_OBJECT_CONVERSION = YES_AGGRESSIVE;
				CLANG_CXX_LANGUAGE_STANDARD = "gnu++20";
				CLANG_ENABLE_MODULES = YES;
				CLANG_ENABLE_OBJC_ARC = YES;
				CLANG_ENABLE_OBJC_WEAK = YES;
				CLANG_WARN_BLOCK_CAPTURE_AUTORELEASING = YES;
				CLANG_WARN_BOOL_CONVERSION = YES;
				CLANG_WARN_COMMA = YES;
				CLANG_WARN_CONSTANT_CONVERSION = YES;
				CLANG_WARN_DEPRECATED_OBJC_IMPLEMENTATIONS = YES;
				CLANG_WARN_DIRECT_OBJC_ISA_USAGE = YES_ERROR;
				CLANG_WARN_DOCUMENTATION_COMMENTS = YES;
				CLANG_WARN_EMPTY_BODY = YES;
				CLANG_WARN_ENUM_CONVERSION = YES;
				CLANG_WARN_INFINITE_RECURSION = YES;
				CLANG_WARN_INT_CONVERSION = YES;
				CLANG_WARN_NON_LITERAL_NULL_CONVERSION = YES;
				CLANG_WARN_OBJC_IMPLICIT_RETAIN_SELF = YES;
				CLANG_WARN_OBJC_LITERAL_CONVERSION = YES;
				CLANG_WARN_OBJC_ROOT_CLASS = YES_ERROR;
				CLANG_WARN_QUOTED_INCLUDE_IN_FRAMEWORK_HEADER = YES;
				CLANG_WARN_RANGE_LOOP_ANALYSIS = YES;
				CLANG_WARN_STRICT_PROTOTYPES = YES;
				CLANG_WARN_SUSPICIOUS_MOVE = YES;
				CLANG_WARN_UNGUARDED_AVAILABILITY = YES_AGGRESSIVE;
				CLANG_WARN_UNREACHABLE_CODE = YES;
				CLANG_WARN__DUPLICATE_METHOD_MATCH = YES;
				COPY_PHASE_STRIP = NO;
				DEBUG_INFORMATION_FORMAT = "dwarf-with-dsym";
				ENABLE_NS_ASSERTIONS = NO;
				ENABLE_STRICT_OBJC_MSGSEND = YES;
				ENABLE_USER_SCRIPT_SANDBOXING = YES;
				GCC_C_LANGUAGE_STANDARD = gnu17;
				GCC_NO_COMMON_BLOCKS = YES;
				GCC_WARN_64_TO_32_BIT_CONVERSION = YES;
				GCC_WARN_ABOUT_RETURN_TYPE = YES_ERROR;
				GCC_WARN_UNDECLARED_SELECTOR = YES;
				GCC_WARN_UNINITIALIZED_AUTOS = YES_AGGRESSIVE;
				GCC_WARN_UNUSED_FUNCTION = YES;
				GCC_WARN_UNUSED_VARIABLE = YES;
				IPHONEOS_DEPLOYMENT_TARGET = 18.2;
				LOCALIZATION_PREFERS_STRING_CATALOGS = YES;
				MTL_ENABLE_DEBUG_INFO = NO;
				MTL_FAST_MATH = YES;
				SDKROOT = iphoneos;
				SWIFT_COMPILATION_MODE = wholemodule;
				VALIDATE_PRODUCT = YES;
			};
			name = Release;
		};
		3447421B2DFB43AD005EB8C4 /* Debug */ = {
			isa = XCBuildConfiguration;
			buildSettings = {
				ALTERNATE_GROUP = "";
				ALTERNATE_OWNER = "";
				ASSETCATALOG_COMPILER_APPICON_NAME = AppIcon;
				ASSETCATALOG_COMPILER_GLOBAL_ACCENT_COLOR_NAME = AccentColor;
				CODE_SIGN_STYLE = Automatic;
				CURRENT_PROJECT_VERSION = 1;
				DEVELOPMENT_ASSET_PATHS = "\"DinaCharya/Preview Content\"";
				DEVELOPMENT_TEAM = 73X32WWQX7;
				ENABLE_PREVIEWS = YES;
				GENERATE_INFOPLIST_FILE = YES;
				INFOPLIST_KEY_UIApplicationSceneManifest_Generation = YES;
				INFOPLIST_KEY_UIApplicationSupportsIndirectInputEvents = YES;
				INFOPLIST_KEY_UILaunchScreen_Generation = YES;
				INFOPLIST_KEY_UISupportedInterfaceOrientations_iPad = "UIInterfaceOrientationPortrait UIInterfaceOrientationPortraitUpsideDown UIInterfaceOrientationLandscapeLeft UIInterfaceOrientationLandscapeRight";
				INFOPLIST_KEY_UISupportedInterfaceOrientations_iPhone = "UIInterfaceOrientationPortrait UIInterfaceOrientationLandscapeLeft UIInterfaceOrientationLandscapeRight";
				INSTALL_GROUP = "";
				INSTALL_OWNER = "";
				LD_RUNPATH_SEARCH_PATHS = (
					"$(inherited)",
					"@executable_path/Frameworks",
				);
				MARKETING_VERSION = 1.0;
				PRODUCT_BUNDLE_IDENTIFIER = com.Vinayak.com.DinaCharya;
				PRODUCT_NAME = "$(TARGET_NAME)";
				SWIFT_EMIT_LOC_STRINGS = YES;
				SWIFT_VERSION = 5.0;
				TARGETED_DEVICE_FAMILY = "1,2";
			};
			name = Debug;
		};
		3447421C2DFB43AD005EB8C4 /* Release */ = {
			isa = XCBuildConfiguration;
			buildSettings = {
				ALTERNATE_GROUP = "";
				ALTERNATE_OWNER = "";
				ASSETCATALOG_COMPILER_APPICON_NAME = AppIcon;
				ASSETCATALOG_COMPILER_GLOBAL_ACCENT_COLOR_NAME = AccentColor;
				CODE_SIGN_STYLE = Automatic;
				CURRENT_PROJECT_VERSION = 1;
				DEVELOPMENT_ASSET_PATHS = "\"DinaCharya/Preview Content\"";
				DEVELOPMENT_TEAM = 73X32WWQX7;
				ENABLE_PREVIEWS = YES;
				GENERATE_INFOPLIST_FILE = YES;
				INFOPLIST_KEY_UIApplicationSceneManifest_Generation = YES;
				INFOPLIST_KEY_UIApplicationSupportsIndirectInputEvents = YES;
				INFOPLIST_KEY_UILaunchScreen_Generation = YES;
				INFOPLIST_KEY_UISupportedInterfaceOrientations_iPad = "UIInterfaceOrientationPortrait UIInterfaceOrientationPortraitUpsideDown UIInterfaceOrientationLandscapeLeft UIInterfaceOrientationLandscapeRight";
				INFOPLIST_KEY_UISupportedInterfaceOrientations_iPhone = "UIInterfaceOrientationPortrait UIInterfaceOrientationLandscapeLeft UIInterfaceOrientationLandscapeRight";
				INSTALL_GROUP = "";
				INSTALL_OWNER = "";
				LD_RUNPATH_SEARCH_PATHS = (
					"$(inherited)",
					"@executable_path/Frameworks",
				);
				MARKETING_VERSION = 1.0;
				PRODUCT_BUNDLE_IDENTIFIER = com.Vinayak.com.DinaCharya;
				PRODUCT_NAME = "$(TARGET_NAME)";
				SWIFT_EMIT_LOC_STRINGS = YES;
				SWIFT_VERSION = 5.0;
				TARGETED_DEVICE_FAMILY = "1,2";
			};
			name = Release;
		};
		3447421E2DFB43AD005EB8C4 /* Debug */ = {
			isa = XCBuildConfiguration;
			buildSettings = {
				BUNDLE_LOADER = "$(TEST_HOST)";
				CODE_SIGN_STYLE = Automatic;
				CURRENT_PROJECT_VERSION = 1;
				DEVELOPMENT_TEAM = 73X32WWQX7;
				GENERATE_INFOPLIST_FILE = YES;
				IPHONEOS_DEPLOYMENT_TARGET = 18.2;
				MARKETING_VERSION = 1.0;
				PRODUCT_BUNDLE_IDENTIFIER = com.Vinayak.com.DinaCharyaTests;
				PRODUCT_NAME = "$(TARGET_NAME)";
				SWIFT_EMIT_LOC_STRINGS = NO;
				SWIFT_VERSION = 5.0;
				TARGETED_DEVICE_FAMILY = "1,2";
				TEST_HOST = "$(BUILT_PRODUCTS_DIR)/DinaCharya.app/$(BUNDLE_EXECUTABLE_FOLDER_PATH)/DinaCharya";
			};
			name = Debug;
		};
		3447421F2DFB43AD005EB8C4 /* Release */ = {
			isa = XCBuildConfiguration;
			buildSettings = {
				BUNDLE_LOADER = "$(TEST_HOST)";
				CODE_SIGN_STYLE = Automatic;
				CURRENT_PROJECT_VERSION = 1;
				DEVELOPMENT_TEAM = 73X32WWQX7;
				GENERATE_INFOPLIST_FILE = YES;
				IPHONEOS_DEPLOYMENT_TARGET = 18.2;
				MARKETING_VERSION = 1.0;
				PRODUCT_BUNDLE_IDENTIFIER = com.Vinayak.com.DinaCharyaTests;
				PRODUCT_NAME = "$(TARGET_NAME)";
				SWIFT_EMIT_LOC_STRINGS = NO;
				SWIFT_VERSION = 5.0;
				TARGETED_DEVICE_FAMILY = "1,2";
				TEST_HOST = "$(BUILT_PRODUCTS_DIR)/DinaCharya.app/$(BUNDLE_EXECUTABLE_FOLDER_PATH)/DinaCharya";
			};
			name = Release;
		};
		344742212DFB43AD005EB8C4 /* Debug */ = {
			isa = XCBuildConfiguration;
			buildSettings = {
				CODE_SIGN_STYLE = Automatic;
				CURRENT_PROJECT_VERSION = 1;
				DEVELOPMENT_TEAM = 73X32WWQX7;
				GENERATE_INFOPLIST_FILE = YES;
				MARKETING_VERSION = 1.0;
				PRODUCT_BUNDLE_IDENTIFIER = com.Vinayak.com.DinaCharyaUITests;
				PRODUCT_NAME = "$(TARGET_NAME)";
				SWIFT_EMIT_LOC_STRINGS = NO;
				SWIFT_VERSION = 5.0;
				TARGETED_DEVICE_FAMILY = "1,2";
				TEST_TARGET_NAME = DinaCharya;
			};
			name = Debug;
		};
		344742222DFB43AD005EB8C4 /* Release */ = {
			isa = XCBuildConfiguration;
			buildSettings = {
				CODE_SIGN_STYLE = Automatic;
				CURRENT_PROJECT_VERSION = 1;
				DEVELOPMENT_TEAM = 73X32WWQX7;
				GENERATE_INFOPLIST_FILE = YES;
				MARKETING_VERSION = 1.0;
				PRODUCT_BUNDLE_IDENTIFIER = com.Vinayak.com.DinaCharyaUITests;
				PRODUCT_NAME = "$(TARGET_NAME)";
				SWIFT_EMIT_LOC_STRINGS = NO;
				SWIFT_VERSION = 5.0;
				TARGETED_DEVICE_FAMILY = "1,2";
				TEST_TARGET_NAME = DinaCharya;
			};
			name = Release;
		};
/* End XCBuildConfiguration section */

/* Begin XCConfigurationList section */
		344741F12DFB43A7005EB8C4 /* Build configuration list for PBXProject "DinaCharya" */ = {
			isa = XCConfigurationList;
			buildConfigurations = (
				344742182DFB43AD005EB8C4 /* Debug */,
				344742192DFB43AD005EB8C4 /* Release */,
			);
			defaultConfigurationIsVisible = 0;
			defaultConfigurationName = Release;
		};
		3447421A2DFB43AD005EB8C4 /* Build configuration list for PBXNativeTarget "DinaCharya" */ = {
			isa = XCConfigurationList;
			buildConfigurations = (
				3447421B2DFB43AD005EB8C4 /* Debug */,
				3447421C2DFB43AD005EB8C4 /* Release */,
			);
			defaultConfigurationIsVisible = 0;
			defaultConfigurationName = Release;
		};
		3447421D2DFB43AD005EB8C4 /* Build configuration list for PBXNativeTarget "DinaCharyaTests" */ = {
			isa = XCConfigurationList;
			buildConfigurations = (
				3447421E2DFB43AD005EB8C4 /* Debug */,
				3447421F2DFB43AD005EB8C4 /* Release */,
			);
			defaultConfigurationIsVisible = 0;
			defaultConfigurationName = Release;
		};
		344742202DFB43AD005EB8C4 /* Build configuration list for PBXNativeTarget "DinaCharyaUITests" */ = {
			isa = XCConfigurationList;
			buildConfigurations = (
				344742212DFB43AD005EB8C4 /* Debug */,
				344742222DFB43AD005EB8C4 /* Release */,
			);
			defaultConfigurationIsVisible = 0;
			defaultConfigurationName = Release;
		};
/* End XCConfigurationList section */
	};
	rootObject = 344741EE2DFB43A7005EB8C4 /* Project object */;
}
